
Microsoft Visual Studio Solution File, Format Version 12.00
Project("{2150E333-8FDC-42A3-9474-1A3956D46DE8}") = "Microservices", "Microservices", "{48170A85-BA9E-490C-A012-C6ABDDA377BE}"
EndProject
Project("{2150E333-8FDC-42A3-9474-1A3956D46DE8}") = "Src", "Src", "{78A66D0A-CAF7-4BEF-BAF0-724707C80661}"
EndProject
Project("{2150E333-8FDC-42A3-9474-1A3956D46DE8}") = "UserManagmentService", "UserManagmentService", "{7079583B-DCD0-496B-92C6-C8B24300A588}"
EndProject
Project("{2150E333-8FDC-42A3-9474-1A3956D46DE8}") = "AccountManagementService", "AccountManagementService", "{F5E97BBD-98A1-4622-A67F-32193906A90C}"
EndProject
Project("{2150E333-8FDC-42A3-9474-1A3956D46DE8}") = "TransactionManagementService", "TransactionManagementService", "{16FA4A21-D4F5-422B-8AB4-CC33058A69D5}"
EndProject
Project("{2150E333-8FDC-42A3-9474-1A3956D46DE8}") = "Common", "Common", "{5A59B0D5-3AFA-49EE-9977-6C0A05E134A7}"
EndProject
Project("{2150E333-8FDC-42A3-9474-1A3956D46DE8}") = "Core", "Core", "{03BA730B-C2B8-4115-BE23-95A7EFAB357D}"
EndProject
Project("{2150E333-8FDC-42A3-9474-1A3956D46DE8}") = "Infrastructure", "Infrastructure", "{E24D9444-A994-444F-B538-56984BD292DA}"
EndProject
Project("{2150E333-8FDC-42A3-9474-1A3956D46DE8}") = "Presentation", "Presentation", "{21767007-FDF7-40FB-BF5C-D6A701401151}"
EndProject
Project("{2150E333-8FDC-42A3-9474-1A3956D46DE8}") = "Common", "Common", "{CE63BD1D-60B2-451D-AB44-3462EC537F5F}"
EndProject
Project("{2150E333-8FDC-42A3-9474-1A3956D46DE8}") = "Core", "Core", "{374A48B1-575B-41D6-9CD2-47CF5413119F}"
EndProject
Project("{2150E333-8FDC-42A3-9474-1A3956D46DE8}") = "Infrastructure", "Infrastructure", "{18B63193-CF82-4920-8208-2860E589A40A}"
EndProject
Project("{2150E333-8FDC-42A3-9474-1A3956D46DE8}") = "Presentation", "Presentation", "{3BEF2894-A1E7-4D8D-8713-BEFA0EF80D06}"
EndProject
Project("{2150E333-8FDC-42A3-9474-1A3956D46DE8}") = "Core", "Core", "{37BEBA3E-BD25-4579-BAA2-B5EC3E4F246B}"
EndProject
Project("{2150E333-8FDC-42A3-9474-1A3956D46DE8}") = "Common", "Common", "{64CDC819-8DE1-4E80-8346-DD08EBFF5A55}"
EndProject
Project("{2150E333-8FDC-42A3-9474-1A3956D46DE8}") = "Infrastructure", "Infrastructure", "{1F8801B3-48BC-464D-B37F-DDEA2D984B53}"
EndProject
Project("{2150E333-8FDC-42A3-9474-1A3956D46DE8}") = "Presentation", "Presentation", "{8BF244D2-5294-40F0-BC80-EFF9AB2FDE56}"
EndProject
Project("{FAE04EC0-301F-11D3-BF4B-00C04F79EFBC}") = "UserService.Domain", "UserService.Domain\UserService.Domain.csproj", "{B67CF526-0F17-48EE-959F-4C0E0B01ED87}"
EndProject
Project("{FAE04EC0-301F-11D3-BF4B-00C04F79EFBC}") = "UserService.Application", "UserService.Application\UserService.Application.csproj", "{0B49E207-9DC1-47CF-BA36-EBBD9C920CB5}"
EndProject
Project("{FAE04EC0-301F-11D3-BF4B-00C04F79EFBC}") = "UserService.Persistence", "UserService.Persistence\UserService.Persistence.csproj", "{0DFF831C-414A-42F5-B6F1-D3E5B28EB074}"
EndProject
Project("{FAE04EC0-301F-11D3-BF4B-00C04F79EFBC}") = "UserService.Infrastructure", "UserService.Infrastructure\UserService.Infrastructure.csproj", "{8984D4C6-D19B-47BD-B859-64C8D66267C5}"
EndProject
Project("{FAE04EC0-301F-11D3-BF4B-00C04F79EFBC}") = "UserService.API", "UserService.API\UserService.API.csproj", "{029671E9-AD47-4DEE-80ED-C5AC317DCB84}"
EndProject
Project("{FAE04EC0-301F-11D3-BF4B-00C04F79EFBC}") = "AccountService.Domain", "AccountService.Domain\AccountService.Domain.csproj", "{EAED0914-EC41-4A74-A77C-BCFD09E94244}"
EndProject
Project("{FAE04EC0-301F-11D3-BF4B-00C04F79EFBC}") = "AccountService.Persistence", "AccountService.Persistence\AccountService.Persistence.csproj", "{A1B3D7A7-FFA7-4726-8D15-3423CA615C48}"
EndProject
Project("{FAE04EC0-301F-11D3-BF4B-00C04F79EFBC}") = "AccountService.Infrastructure", "AccountService.Infrastructure\AccountService.Infrastructure.csproj", "{79ED9DE8-409F-4CBC-A7CD-29E75CD95729}"
EndProject
Project("{FAE04EC0-301F-11D3-BF4B-00C04F79EFBC}") = "AccountService.Application", "AccountService.Application\AccountService.Application.csproj", "{072C32D3-4AFE-4AF7-A80C-FD97E4587978}"
EndProject
Project("{FAE04EC0-301F-11D3-BF4B-00C04F79EFBC}") = "AccountManagment.API", "AccountManagment.API\AccountManagment.API.csproj", "{2D3C3504-4D04-465A-80D8-11AB93BCFB65}"
EndProject
Project("{FAE04EC0-301F-11D3-BF4B-00C04F79EFBC}") = "TransactionService.Domain", "TransactionService.Domain\TransactionService.Domain.csproj", "{F0BA0DCC-6B6D-4BEA-846E-7DF6BCBB49BC}"
EndProject
Project("{FAE04EC0-301F-11D3-BF4B-00C04F79EFBC}") = "TransactionService.Persistence", "TransactionService.Persistence\TransactionService.Persistence.csproj", "{1A036D32-B8DA-4580-878C-4603BF7E95FA}"
EndProject
Project("{FAE04EC0-301F-11D3-BF4B-00C04F79EFBC}") = "TransactionService.Application", "TransactionService.Application\TransactionService.Application.csproj", "{D855440D-7FA2-48F2-94E4-68F37BAE2382}"
EndProject
Project("{FAE04EC0-301F-11D3-BF4B-00C04F79EFBC}") = "TransactionServices.API", "TransactionServices.API\TransactionServices.API.csproj", "{AD07A77D-C7F6-4742-B32F-8751AD67F33C}"
EndProject
Project("{2150E333-8FDC-42A3-9474-1A3956D46DE8}") = "Shared", "Shared", "{BADE7D1D-97F3-4559-A416-DC0D29A7C7BB}"
EndProject
Project("{FAE04EC0-301F-11D3-BF4B-00C04F79EFBC}") = "Shared", "Shared\Shared.csproj", "{BE4DB37C-FA29-4D5B-943E-7AC8FE34F0C2}"
EndProject
Global
	GlobalSection(SolutionConfigurationPlatforms) = preSolution
		Debug|Any CPU = Debug|Any CPU
		Release|Any CPU = Release|Any CPU
	EndGlobalSection
	GlobalSection(NestedProjects) = preSolution
		{78A66D0A-CAF7-4BEF-BAF0-724707C80661} = {48170A85-BA9E-490C-A012-C6ABDDA377BE}
		{7079583B-DCD0-496B-92C6-C8B24300A588} = {78A66D0A-CAF7-4BEF-BAF0-724707C80661}
		{F5E97BBD-98A1-4622-A67F-32193906A90C} = {78A66D0A-CAF7-4BEF-BAF0-724707C80661}
		{16FA4A21-D4F5-422B-8AB4-CC33058A69D5} = {78A66D0A-CAF7-4BEF-BAF0-724707C80661}
		{5A59B0D5-3AFA-49EE-9977-6C0A05E134A7} = {F5E97BBD-98A1-4622-A67F-32193906A90C}
		{03BA730B-C2B8-4115-BE23-95A7EFAB357D} = {F5E97BBD-98A1-4622-A67F-32193906A90C}
		{E24D9444-A994-444F-B538-56984BD292DA} = {F5E97BBD-98A1-4622-A67F-32193906A90C}
		{21767007-FDF7-40FB-BF5C-D6A701401151} = {F5E97BBD-98A1-4622-A67F-32193906A90C}
		{CE63BD1D-60B2-451D-AB44-3462EC537F5F} = {7079583B-DCD0-496B-92C6-C8B24300A588}
		{374A48B1-575B-41D6-9CD2-47CF5413119F} = {7079583B-DCD0-496B-92C6-C8B24300A588}
		{18B63193-CF82-4920-8208-2860E589A40A} = {7079583B-DCD0-496B-92C6-C8B24300A588}
		{3BEF2894-A1E7-4D8D-8713-BEFA0EF80D06} = {7079583B-DCD0-496B-92C6-C8B24300A588}
		{37BEBA3E-BD25-4579-BAA2-B5EC3E4F246B} = {16FA4A21-D4F5-422B-8AB4-CC33058A69D5}
		{64CDC819-8DE1-4E80-8346-DD08EBFF5A55} = {16FA4A21-D4F5-422B-8AB4-CC33058A69D5}
		{1F8801B3-48BC-464D-B37F-DDEA2D984B53} = {16FA4A21-D4F5-422B-8AB4-CC33058A69D5}
		{8BF244D2-5294-40F0-BC80-EFF9AB2FDE56} = {16FA4A21-D4F5-422B-8AB4-CC33058A69D5}
		{B67CF526-0F17-48EE-959F-4C0E0B01ED87} = {374A48B1-575B-41D6-9CD2-47CF5413119F}
		{0B49E207-9DC1-47CF-BA36-EBBD9C920CB5} = {374A48B1-575B-41D6-9CD2-47CF5413119F}
		{0DFF831C-414A-42F5-B6F1-D3E5B28EB074} = {18B63193-CF82-4920-8208-2860E589A40A}
		{8984D4C6-D19B-47BD-B859-64C8D66267C5} = {18B63193-CF82-4920-8208-2860E589A40A}
		{029671E9-AD47-4DEE-80ED-C5AC317DCB84} = {3BEF2894-A1E7-4D8D-8713-BEFA0EF80D06}
		{EAED0914-EC41-4A74-A77C-BCFD09E94244} = {03BA730B-C2B8-4115-BE23-95A7EFAB357D}
		{A1B3D7A7-FFA7-4726-8D15-3423CA615C48} = {E24D9444-A994-444F-B538-56984BD292DA}
		{79ED9DE8-409F-4CBC-A7CD-29E75CD95729} = {E24D9444-A994-444F-B538-56984BD292DA}
		{072C32D3-4AFE-4AF7-A80C-FD97E4587978} = {03BA730B-C2B8-4115-BE23-95A7EFAB357D}
		{2D3C3504-4D04-465A-80D8-11AB93BCFB65} = {21767007-FDF7-40FB-BF5C-D6A701401151}
		{F0BA0DCC-6B6D-4BEA-846E-7DF6BCBB49BC} = {37BEBA3E-BD25-4579-BAA2-B5EC3E4F246B}
		{1A036D32-B8DA-4580-878C-4603BF7E95FA} = {1F8801B3-48BC-464D-B37F-DDEA2D984B53}
		{D855440D-7FA2-48F2-94E4-68F37BAE2382} = {37BEBA3E-BD25-4579-BAA2-B5EC3E4F246B}
		{AD07A77D-C7F6-4742-B32F-8751AD67F33C} = {8BF244D2-5294-40F0-BC80-EFF9AB2FDE56}
		{BADE7D1D-97F3-4559-A416-DC0D29A7C7BB} = {78A66D0A-CAF7-4BEF-BAF0-724707C80661}
		{BE4DB37C-FA29-4D5B-943E-7AC8FE34F0C2} = {BADE7D1D-97F3-4559-A416-DC0D29A7C7BB}
	EndGlobalSection
	GlobalSection(ProjectConfigurationPlatforms) = postSolution
		{B67CF526-0F17-48EE-959F-4C0E0B01ED87}.Debug|Any CPU.ActiveCfg = Debug|Any CPU
		{B67CF526-0F17-48EE-959F-4C0E0B01ED87}.Debug|Any CPU.Build.0 = Debug|Any CPU
		{B67CF526-0F17-48EE-959F-4C0E0B01ED87}.Release|Any CPU.ActiveCfg = Release|Any CPU
		{B67CF526-0F17-48EE-959F-4C0E0B01ED87}.Release|Any CPU.Build.0 = Release|Any CPU
		{0B49E207-9DC1-47CF-BA36-EBBD9C920CB5}.Debug|Any CPU.ActiveCfg = Debug|Any CPU
		{0B49E207-9DC1-47CF-BA36-EBBD9C920CB5}.Debug|Any CPU.Build.0 = Debug|Any CPU
		{0B49E207-9DC1-47CF-BA36-EBBD9C920CB5}.Release|Any CPU.ActiveCfg = Release|Any CPU
		{0B49E207-9DC1-47CF-BA36-EBBD9C920CB5}.Release|Any CPU.Build.0 = Release|Any CPU
		{0DFF831C-414A-42F5-B6F1-D3E5B28EB074}.Debug|Any CPU.ActiveCfg = Debug|Any CPU
		{0DFF831C-414A-42F5-B6F1-D3E5B28EB074}.Debug|Any CPU.Build.0 = Debug|Any CPU
		{0DFF831C-414A-42F5-B6F1-D3E5B28EB074}.Release|Any CPU.ActiveCfg = Release|Any CPU
		{0DFF831C-414A-42F5-B6F1-D3E5B28EB074}.Release|Any CPU.Build.0 = Release|Any CPU
		{8984D4C6-D19B-47BD-B859-64C8D66267C5}.Debug|Any CPU.ActiveCfg = Debug|Any CPU
		{8984D4C6-D19B-47BD-B859-64C8D66267C5}.Debug|Any CPU.Build.0 = Debug|Any CPU
		{8984D4C6-D19B-47BD-B859-64C8D66267C5}.Release|Any CPU.ActiveCfg = Release|Any CPU
		{8984D4C6-D19B-47BD-B859-64C8D66267C5}.Release|Any CPU.Build.0 = Release|Any CPU
		{029671E9-AD47-4DEE-80ED-C5AC317DCB84}.Debug|Any CPU.ActiveCfg = Debug|Any CPU
		{029671E9-AD47-4DEE-80ED-C5AC317DCB84}.Debug|Any CPU.Build.0 = Debug|Any CPU
		{029671E9-AD47-4DEE-80ED-C5AC317DCB84}.Release|Any CPU.ActiveCfg = Release|Any CPU
		{029671E9-AD47-4DEE-80ED-C5AC317DCB84}.Release|Any CPU.Build.0 = Release|Any CPU
		{EAED0914-EC41-4A74-A77C-BCFD09E94244}.Debug|Any CPU.ActiveCfg = Debug|Any CPU
		{EAED0914-EC41-4A74-A77C-BCFD09E94244}.Debug|Any CPU.Build.0 = Debug|Any CPU
		{EAED0914-EC41-4A74-A77C-BCFD09E94244}.Release|Any CPU.ActiveCfg = Release|Any CPU
		{EAED0914-EC41-4A74-A77C-BCFD09E94244}.Release|Any CPU.Build.0 = Release|Any CPU
		{A1B3D7A7-FFA7-4726-8D15-3423CA615C48}.Debug|Any CPU.ActiveCfg = Debug|Any CPU
		{A1B3D7A7-FFA7-4726-8D15-3423CA615C48}.Debug|Any CPU.Build.0 = Debug|Any CPU
		{A1B3D7A7-FFA7-4726-8D15-3423CA615C48}.Release|Any CPU.ActiveCfg = Release|Any CPU
		{A1B3D7A7-FFA7-4726-8D15-3423CA615C48}.Release|Any CPU.Build.0 = Release|Any CPU
		{79ED9DE8-409F-4CBC-A7CD-29E75CD95729}.Debug|Any CPU.ActiveCfg = Debug|Any CPU
		{79ED9DE8-409F-4CBC-A7CD-29E75CD95729}.Debug|Any CPU.Build.0 = Debug|Any CPU
		{79ED9DE8-409F-4CBC-A7CD-29E75CD95729}.Release|Any CPU.ActiveCfg = Release|Any CPU
		{79ED9DE8-409F-4CBC-A7CD-29E75CD95729}.Release|Any CPU.Build.0 = Release|Any CPU
		{072C32D3-4AFE-4AF7-A80C-FD97E4587978}.Debug|Any CPU.ActiveCfg = Debug|Any CPU
		{072C32D3-4AFE-4AF7-A80C-FD97E4587978}.Debug|Any CPU.Build.0 = Debug|Any CPU
		{072C32D3-4AFE-4AF7-A80C-FD97E4587978}.Release|Any CPU.ActiveCfg = Release|Any CPU
		{072C32D3-4AFE-4AF7-A80C-FD97E4587978}.Release|Any CPU.Build.0 = Release|Any CPU
		{2D3C3504-4D04-465A-80D8-11AB93BCFB65}.Debug|Any CPU.ActiveCfg = Debug|Any CPU
		{2D3C3504-4D04-465A-80D8-11AB93BCFB65}.Debug|Any CPU.Build.0 = Debug|Any CPU
		{2D3C3504-4D04-465A-80D8-11AB93BCFB65}.Release|Any CPU.ActiveCfg = Release|Any CPU
		{2D3C3504-4D04-465A-80D8-11AB93BCFB65}.Release|Any CPU.Build.0 = Release|Any CPU
		{F0BA0DCC-6B6D-4BEA-846E-7DF6BCBB49BC}.Debug|Any CPU.ActiveCfg = Debug|Any CPU
		{F0BA0DCC-6B6D-4BEA-846E-7DF6BCBB49BC}.Debug|Any CPU.Build.0 = Debug|Any CPU
		{F0BA0DCC-6B6D-4BEA-846E-7DF6BCBB49BC}.Release|Any CPU.ActiveCfg = Release|Any CPU
		{F0BA0DCC-6B6D-4BEA-846E-7DF6BCBB49BC}.Release|Any CPU.Build.0 = Release|Any CPU
		{1A036D32-B8DA-4580-878C-4603BF7E95FA}.Debug|Any CPU.ActiveCfg = Debug|Any CPU
		{1A036D32-B8DA-4580-878C-4603BF7E95FA}.Debug|Any CPU.Build.0 = Debug|Any CPU
		{1A036D32-B8DA-4580-878C-4603BF7E95FA}.Release|Any CPU.ActiveCfg = Release|Any CPU
		{1A036D32-B8DA-4580-878C-4603BF7E95FA}.Release|Any CPU.Build.0 = Release|Any CPU
		{D855440D-7FA2-48F2-94E4-68F37BAE2382}.Debug|Any CPU.ActiveCfg = Debug|Any CPU
		{D855440D-7FA2-48F2-94E4-68F37BAE2382}.Debug|Any CPU.Build.0 = Debug|Any CPU
		{D855440D-7FA2-48F2-94E4-68F37BAE2382}.Release|Any CPU.ActiveCfg = Release|Any CPU
		{D855440D-7FA2-48F2-94E4-68F37BAE2382}.Release|Any CPU.Build.0 = Release|Any CPU
		{AD07A77D-C7F6-4742-B32F-8751AD67F33C}.Debug|Any CPU.ActiveCfg = Debug|Any CPU
		{AD07A77D-C7F6-4742-B32F-8751AD67F33C}.Debug|Any CPU.Build.0 = Debug|Any CPU
		{AD07A77D-C7F6-4742-B32F-8751AD67F33C}.Release|Any CPU.ActiveCfg = Release|Any CPU
		{AD07A77D-C7F6-4742-B32F-8751AD67F33C}.Release|Any CPU.Build.0 = Release|Any CPU
		{BE4DB37C-FA29-4D5B-943E-7AC8FE34F0C2}.Debug|Any CPU.ActiveCfg = Debug|Any CPU
		{BE4DB37C-FA29-4D5B-943E-7AC8FE34F0C2}.Debug|Any CPU.Build.0 = Debug|Any CPU
		{BE4DB37C-FA29-4D5B-943E-7AC8FE34F0C2}.Release|Any CPU.ActiveCfg = Release|Any CPU
		{BE4DB37C-FA29-4D5B-943E-7AC8FE34F0C2}.Release|Any CPU.Build.0 = Release|Any CPU
	EndGlobalSection
EndGlobal
